PODS:
  - Flutter (1.0.0)
  - flutter_esp (0.0.1):
    - Flutter
  - permission_handler_apple (9.0.4):
    - Flutter

DEPENDENCIES:
  - Flutter (from `Flutter`)
  - flutter_esp (from `.symlinks/plugins/flutter_esp/ios`)
  - permission_handler_apple (from `.symlinks/plugins/permission_handler_apple/ios`)

EXTERNAL SOURCES:
  Flutter:
    :path: Flutter
  flutter_esp:
    :path: ".symlinks/plugins/flutter_esp/ios"
  permission_handler_apple:
    :path: ".symlinks/plugins/permission_handler_apple/ios"

SPEC CHECKSUMS:
  Flutter: f04841e97a9d0b0a8025694d0796dd46242b2854
  flutter_esp: 881ea9c4190b2d995725bf2f48926e92f008eed8
  permission_handler_apple: 44366e37eaf29454a1e7b1b7d736c2cceaeb17ce

PODFILE CHECKSUM: 4e8f8b2be68aeea4c0d5beb6ff1e79fface1d048

COCOAPODS: 1.11.3
